
Microsoft Visual Studio Solution File, Format Version 12.00
# Visual Studio Version 16
VisualStudioVersion = 16.0.31205.134
MinimumVisualStudioVersion = 10.0.40219.1
Project("{FAE04EC0-301F-11D3-BF4B-00C04F79EFBC}") = "FileInfo", "FileInfo.csproj", "{ACD1CC0E-D9D8-4B10-A050-F44A8DFEDC4A}"
EndProject
Global
	GlobalSection(SolutionConfigurationPlatforms) = preSolution
		Debug|Any CPU = Debug|Any CPU
		Release|Any CPU = Release|Any CPU
	EndGlobalSection
	GlobalSection(ProjectConfigurationPlatforms) = postSolution
		{ACD1CC0E-D9D8-4B10-A050-F44A8DFEDC4A}.Debug|Any CPU.ActiveCfg = Debug|Any CPU
		{ACD1CC0E-D9D8-4B10-A050-F44A8DFEDC4A}.Debug|Any CPU.Build.0 = Debug|Any CPU
		{ACD1CC0E-D9D8-4B10-A050-F44A8DFEDC4A}.Release|Any CPU.ActiveCfg = Release|Any CPU
		{ACD1CC0E-D9D8-4B10-A050-F44A8DFEDC4A}.Release|Any CPU.Build.0 = Release|Any CPU
	EndGlobalSection
	GlobalSection(SolutionProperties) = preSolution
		HideSolutionNode = FALSE
	EndGlobalSection
	GlobalSection(ExtensibilityGlobals) = postSolution
		SolutionGuid = {0B379183-DF22-44B1-BF21-F5291D5090BE}
	EndGlobalSection
EndGlobal
