
Microsoft Visual Studio Solution File, Format Version 12.00
# Visual Studio Version 16
VisualStudioVersion = 16.0.31205.134
MinimumVisualStudioVersion = 10.0.40219.1
Project("{FAE04EC0-301F-11D3-BF4B-00C04F79EFBC}") = "Text_Writer", "Text_Writer.csproj", "{779B7FA7-BE15-4D64-937C-D51DD6B9E5EE}"
EndProject
Global
	GlobalSection(SolutionConfigurationPlatforms) = preSolution
		Debug|Any CPU = Debug|Any CPU
		Release|Any CPU = Release|Any CPU
	EndGlobalSection
	GlobalSection(ProjectConfigurationPlatforms) = postSolution
		{779B7FA7-BE15-4D64-937C-D51DD6B9E5EE}.Debug|Any CPU.ActiveCfg = Debug|Any CPU
		{779B7FA7-BE15-4D64-937C-D51DD6B9E5EE}.Debug|Any CPU.Build.0 = Debug|Any CPU
		{779B7FA7-BE15-4D64-937C-D51DD6B9E5EE}.Release|Any CPU.ActiveCfg = Release|Any CPU
		{779B7FA7-BE15-4D64-937C-D51DD6B9E5EE}.Release|Any CPU.Build.0 = Release|Any CPU
	EndGlobalSection
	GlobalSection(SolutionProperties) = preSolution
		HideSolutionNode = FALSE
	EndGlobalSection
	GlobalSection(ExtensibilityGlobals) = postSolution
		SolutionGuid = {E7B944A0-507E-4A6A-8D9C-498E82B0C8FF}
	EndGlobalSection
EndGlobal
